
Microsoft Visual Studio Solution File, Format Version 12.00
# Visual Studio Version 17
VisualStudioVersion = 17.9.34728.123
MinimumVisualStudioVersion = 10.0.40219.1
Project("{FAE04EC0-301F-11D3-BF4B-00C04F79EFBC}") = "Ado.net", "Ado.net\Ado.net.csproj", "{28107D6B-4581-426E-87DE-2E6C2CD143A8}"
EndProject
Global
	GlobalSection(SolutionConfigurationPlatforms) = preSolution
		Debug|Any CPU = Debug|Any CPU
		Release|Any CPU = Release|Any CPU
	EndGlobalSection
	GlobalSection(ProjectConfigurationPlatforms) = postSolution
		{28107D6B-4581-426E-87DE-2E6C2CD143A8}.Debug|Any CPU.ActiveCfg = Debug|Any CPU
		{28107D6B-4581-426E-87DE-2E6C2CD143A8}.Debug|Any CPU.Build.0 = Debug|Any CPU
		{28107D6B-4581-426E-87DE-2E6C2CD143A8}.Release|Any CPU.ActiveCfg = Release|Any CPU
		{28107D6B-4581-426E-87DE-2E6C2CD143A8}.Release|Any CPU.Build.0 = Release|Any CPU
	EndGlobalSection
	GlobalSection(SolutionProperties) = preSolution
		HideSolutionNode = FALSE
	EndGlobalSection
	GlobalSection(ExtensibilityGlobals) = postSolution
		SolutionGuid = {7354D13D-14A3-48EF-B98D-25CF1C1F99DA}
	EndGlobalSection
EndGlobal
